Microsoft Visual Studio Solution File, Format Version 12.00
# Visual Studio 2013
VisualStudioVersion = 12.0.40629.0
MinimumVisualStudioVersion = 10.0.40219.1
Project("{8BC9CEB8-8B4A-11D0-8D11-00A0C91BC942}") = "libcon", "libcon\libcon.vcxproj", "{1BF22E35-0C64-47D5-8729-98B771920D12}"
EndProject
Project("{8BC9CEB8-8B4A-11D0-8D11-00A0C91BC942}") = "nodix", "nodix\nodix.vcxproj", "{87009B75-7CB7-44C4-86CD-CC44E6414CE2}"
	ProjectSection(ProjectDependencies) = postProject
		{1BF22E35-0C64-47D5-8729-98B771920D12} = {1BF22E35-0C64-47D5-8729-98B771920D12}
	EndProjectSection
EndProject
Project("{8BC9CEB8-8B4A-11D0-8D11-00A0C91BC942}") = "protocol_adx", "protocol_adx\protocol_adx.vcxproj", "{4CE634CB-A31B-4543-B91C-10C524AE131C}"
	ProjectSection(ProjectDependencies) = postProject
		{1BF22E35-0C64-47D5-8729-98B771920D12} = {1BF22E35-0C64-47D5-8729-98B771920D12}
		{17211B72-39D1-41E6-9515-F597A18CADC3} = {17211B72-39D1-41E6-9515-F597A18CADC3}
		{874AB0FB-B005-4336-B786-12475211B2F2} = {874AB0FB-B005-4336-B786-12475211B2F2}
	EndProjectSection
EndProject
Project("{8BC9CEB8-8B4A-11D0-8D11-00A0C91BC942}") = "block_adx", "block_adx\block_adx.vcxproj", "{03530BC6-888F-4406-B440-6127FCB5182D}"
	ProjectSection(ProjectDependencies) = postProject
		{1BF22E35-0C64-47D5-8729-98B771920D12} = {1BF22E35-0C64-47D5-8729-98B771920D12}
		{17211B72-39D1-41E6-9515-F597A18CADC3} = {17211B72-39D1-41E6-9515-F597A18CADC3}
		{4CE634CB-A31B-4543-B91C-10C524AE131C} = {4CE634CB-A31B-4543-B91C-10C524AE131C}
	EndProjectSection
EndProject
Project("{8BC9CEB8-8B4A-11D0-8D11-00A0C91BC942}") = "mod_maker", "mod_maker\mod_maker.vcxproj", "{17211B72-39D1-41E6-9515-F597A18CADC3}"
	ProjectSection(ProjectDependencies) = postProject
		{1BF22E35-0C64-47D5-8729-98B771920D12} = {1BF22E35-0C64-47D5-8729-98B771920D12}
	EndProjectSection
EndProject
Project("{8BC9CEB8-8B4A-11D0-8D11-00A0C91BC942}") = "launcher", "launcher\launcher.vcxproj", "{6EC6686A-647C-4399-BF48-45A3A32F4F37}"
EndProject
Project("{8BC9CEB8-8B4A-11D0-8D11-00A0C91BC942}") = "libbase", "libbaseimpl\libbaseimpl.vcxproj", "{874AB0FB-B005-4336-B786-12475211B2F2}"
EndProject
Project("{8BC9CEB8-8B4A-11D0-8D11-00A0C91BC942}") = "stake_pos3", "stake_pos3\stake_pos3.vcxproj", "{838487CD-F7A9-48ED-BB26-E43CDD74B473}"
EndProject
Project("{8BC9CEB8-8B4A-11D0-8D11-00A0C91BC942}") = "stake_pos2", "stake_pos2\stake_pos2.vcxproj", "{56E63E2E-2447-4D22-ABC8-37328D87A1F5}"
EndProject
Project("{8BC9CEB8-8B4A-11D0-8D11-00A0C91BC942}") = "rpc_wallet", "rpc_wallet\rpc_wallet.vcxproj", "{76E77E3F-EBA7-4725-B68C-C7A3AFD9A445}"
EndProject
Project("{8BC9CEB8-8B4A-11D0-8D11-00A0C91BC942}") = "block_explorer", "block_explorer\block_explorer.vcxproj", "{3A2EB7BF-FA2F-400C-8EB5-3CA58DD15456}"
EndProject
Project("{8BC9CEB8-8B4A-11D0-8D11-00A0C91BC942}") = "ecdsa", "ecdsa\ecdsa.vcxproj", "{38D3A323-EF99-4329-8919-D8675A522AD1}"
EndProject
Project("{8BC9CEB8-8B4A-11D0-8D11-00A0C91BC942}") = "ed25519", "ed25519\ed25519.vcxproj", "{38AD0CE5-940E-4166-83E0-1C076915DD8F}"
EndProject
Project("{8BC9CEB8-8B4A-11D0-8D11-00A0C91BC942}") = "wallet", "wallet\wallet.vcxproj", "{6D3CE127-38C3-4744-A679-64F3FE071D5F}"
EndProject
Global
	GlobalSection(SolutionConfigurationPlatforms) = preSolution
		Debug|Win32 = Debug|Win32
		Release|Win32 = Release|Win32
	EndGlobalSection
	GlobalSection(ProjectConfigurationPlatforms) = postSolution
		{1BF22E35-0C64-47D5-8729-98B771920D12}.Debug|Win32.ActiveCfg = Debug|Win32
		{1BF22E35-0C64-47D5-8729-98B771920D12}.Debug|Win32.Build.0 = Debug|Win32
		{1BF22E35-0C64-47D5-8729-98B771920D12}.Release|Win32.ActiveCfg = Release|Win32
		{1BF22E35-0C64-47D5-8729-98B771920D12}.Release|Win32.Build.0 = Release|Win32
		{87009B75-7CB7-44C4-86CD-CC44E6414CE2}.Debug|Win32.ActiveCfg = Debug|Win32
		{87009B75-7CB7-44C4-86CD-CC44E6414CE2}.Debug|Win32.Build.0 = Debug|Win32
		{87009B75-7CB7-44C4-86CD-CC44E6414CE2}.Release|Win32.ActiveCfg = Release|Win32
		{87009B75-7CB7-44C4-86CD-CC44E6414CE2}.Release|Win32.Build.0 = Release|Win32
		{4CE634CB-A31B-4543-B91C-10C524AE131C}.Debug|Win32.ActiveCfg = Release|Win32
		{4CE634CB-A31B-4543-B91C-10C524AE131C}.Debug|Win32.Build.0 = Release|Win32
		{4CE634CB-A31B-4543-B91C-10C524AE131C}.Release|Win32.ActiveCfg = Release|Win32
		{4CE634CB-A31B-4543-B91C-10C524AE131C}.Release|Win32.Build.0 = Release|Win32
		{03530BC6-888F-4406-B440-6127FCB5182D}.Debug|Win32.ActiveCfg = Debug|Win32
		{03530BC6-888F-4406-B440-6127FCB5182D}.Debug|Win32.Build.0 = Debug|Win32
		{03530BC6-888F-4406-B440-6127FCB5182D}.Release|Win32.ActiveCfg = Release|Win32
		{03530BC6-888F-4406-B440-6127FCB5182D}.Release|Win32.Build.0 = Release|Win32
		{17211B72-39D1-41E6-9515-F597A18CADC3}.Debug|Win32.ActiveCfg = Release|Win32
		{17211B72-39D1-41E6-9515-F597A18CADC3}.Debug|Win32.Build.0 = Release|Win32
		{17211B72-39D1-41E6-9515-F597A18CADC3}.Release|Win32.ActiveCfg = Release|Win32
		{17211B72-39D1-41E6-9515-F597A18CADC3}.Release|Win32.Build.0 = Release|Win32
		{6EC6686A-647C-4399-BF48-45A3A32F4F37}.Debug|Win32.ActiveCfg = Debug|Win32
		{6EC6686A-647C-4399-BF48-45A3A32F4F37}.Debug|Win32.Build.0 = Debug|Win32
		{6EC6686A-647C-4399-BF48-45A3A32F4F37}.Release|Win32.ActiveCfg = Release|Win32
		{6EC6686A-647C-4399-BF48-45A3A32F4F37}.Release|Win32.Build.0 = Release|Win32
		{874AB0FB-B005-4336-B786-12475211B2F2}.Debug|Win32.ActiveCfg = Release|Win32
		{874AB0FB-B005-4336-B786-12475211B2F2}.Debug|Win32.Build.0 = Release|Win32
		{874AB0FB-B005-4336-B786-12475211B2F2}.Release|Win32.ActiveCfg = Release|Win32
		{874AB0FB-B005-4336-B786-12475211B2F2}.Release|Win32.Build.0 = Release|Win32
		{838487CD-F7A9-48ED-BB26-E43CDD74B473}.Debug|Win32.ActiveCfg = Debug|Win32
		{838487CD-F7A9-48ED-BB26-E43CDD74B473}.Debug|Win32.Build.0 = Debug|Win32
		{838487CD-F7A9-48ED-BB26-E43CDD74B473}.Release|Win32.ActiveCfg = Release|Win32
		{838487CD-F7A9-48ED-BB26-E43CDD74B473}.Release|Win32.Build.0 = Release|Win32
		{56E63E2E-2447-4D22-ABC8-37328D87A1F5}.Debug|Win32.ActiveCfg = Debug|Win32
		{56E63E2E-2447-4D22-ABC8-37328D87A1F5}.Debug|Win32.Build.0 = Debug|Win32
		{56E63E2E-2447-4D22-ABC8-37328D87A1F5}.Release|Win32.ActiveCfg = Release|Win32
		{56E63E2E-2447-4D22-ABC8-37328D87A1F5}.Release|Win32.Build.0 = Release|Win32
		{76E77E3F-EBA7-4725-B68C-C7A3AFD9A445}.Debug|Win32.ActiveCfg = Debug|Win32
		{76E77E3F-EBA7-4725-B68C-C7A3AFD9A445}.Debug|Win32.Build.0 = Debug|Win32
		{76E77E3F-EBA7-4725-B68C-C7A3AFD9A445}.Release|Win32.ActiveCfg = Release|Win32
		{76E77E3F-EBA7-4725-B68C-C7A3AFD9A445}.Release|Win32.Build.0 = Release|Win32
		{3A2EB7BF-FA2F-400C-8EB5-3CA58DD15456}.Debug|Win32.ActiveCfg = Debug|Win32
		{3A2EB7BF-FA2F-400C-8EB5-3CA58DD15456}.Debug|Win32.Build.0 = Debug|Win32
		{3A2EB7BF-FA2F-400C-8EB5-3CA58DD15456}.Release|Win32.ActiveCfg = Release|Win32
		{3A2EB7BF-FA2F-400C-8EB5-3CA58DD15456}.Release|Win32.Build.0 = Release|Win32
		{38D3A323-EF99-4329-8919-D8675A522AD1}.Debug|Win32.ActiveCfg = Release|Win32
		{38D3A323-EF99-4329-8919-D8675A522AD1}.Debug|Win32.Build.0 = Release|Win32
		{38D3A323-EF99-4329-8919-D8675A522AD1}.Release|Win32.ActiveCfg = Release|Win32
		{38D3A323-EF99-4329-8919-D8675A522AD1}.Release|Win32.Build.0 = Release|Win32
		{38AD0CE5-940E-4166-83E0-1C076915DD8F}.Debug|Win32.ActiveCfg = Release|Win32
		{38AD0CE5-940E-4166-83E0-1C076915DD8F}.Debug|Win32.Build.0 = Release|Win32
		{38AD0CE5-940E-4166-83E0-1C076915DD8F}.Release|Win32.ActiveCfg = Release|Win32
		{38AD0CE5-940E-4166-83E0-1C076915DD8F}.Release|Win32.Build.0 = Release|Win32
		{6D3CE127-38C3-4744-A679-64F3FE071D5F}.Debug|Win32.ActiveCfg = Debug|Win32
		{6D3CE127-38C3-4744-A679-64F3FE071D5F}.Debug|Win32.Build.0 = Debug|Win32
		{6D3CE127-38C3-4744-A679-64F3FE071D5F}.Release|Win32.ActiveCfg = Release|Win32
		{6D3CE127-38C3-4744-A679-64F3FE071D5F}.Release|Win32.Build.0 = Release|Win32
	EndGlobalSection
	GlobalSection(SolutionProperties) = preSolution
		HideSolutionNode = FALSE
	EndGlobalSection
EndGlobal
